
Microsoft Visual Studio Solution File, Format Version 12.00
# Visual Studio Version 17
VisualStudioVersion = 17.0.31912.275
MinimumVisualStudioVersion = 10.0.40219.1
Project("{888888A0-9F3D-457C-B088-3A5042F75D52}") = "graphs", "graphs\graphs.pyproj", "{2F7282AD-CEA7-497B-ABE4-A16518531355}"
EndProject
Global
	GlobalSection(SolutionConfigurationPlatforms) = preSolution
		Debug|Any CPU = Debug|Any CPU
		Release|Any CPU = Release|Any CPU
	EndGlobalSection
	GlobalSection(ProjectConfigurationPlatforms) = postSolution
		{2F7282AD-CEA7-497B-ABE4-A16518531355}.Debug|Any CPU.ActiveCfg = Debug|Any CPU
		{2F7282AD-CEA7-497B-ABE4-A16518531355}.Release|Any CPU.ActiveCfg = Release|Any CPU
	EndGlobalSection
	GlobalSection(SolutionProperties) = preSolution
		HideSolutionNode = FALSE
	EndGlobalSection
	GlobalSection(ExtensibilityGlobals) = postSolution
		SolutionGuid = {9E61AC27-91F5-4AD9-8189-FF52044BFFE2}
	EndGlobalSection
EndGlobal
