
Microsoft Visual Studio Solution File, Format Version 12.00
# Visual Studio Version 17
VisualStudioVersion = 17.1.32228.430
MinimumVisualStudioVersion = 10.0.40219.1
Project("{8BC9CEB8-8B4A-11D0-8D11-00A0C91BC942}") = "3laba", "3laba\3laba.vcxproj", "{295B29D6-9933-4720-9188-D3347B95C7E7}"
EndProject
Global
	GlobalSection(SolutionConfigurationPlatforms) = preSolution
		Debug|x64 = Debug|x64
		Debug|x86 = Debug|x86
		Release|x64 = Release|x64
		Release|x86 = Release|x86
	EndGlobalSection
	GlobalSection(ProjectConfigurationPlatforms) = postSolution
		{295B29D6-9933-4720-9188-D3347B95C7E7}.Debug|x64.ActiveCfg = Debug|x64
		{295B29D6-9933-4720-9188-D3347B95C7E7}.Debug|x64.Build.0 = Debug|x64
		{295B29D6-9933-4720-9188-D3347B95C7E7}.Debug|x86.ActiveCfg = Debug|Win32
		{295B29D6-9933-4720-9188-D3347B95C7E7}.Debug|x86.Build.0 = Debug|Win32
		{295B29D6-9933-4720-9188-D3347B95C7E7}.Release|x64.ActiveCfg = Release|x64
		{295B29D6-9933-4720-9188-D3347B95C7E7}.Release|x64.Build.0 = Release|x64
		{295B29D6-9933-4720-9188-D3347B95C7E7}.Release|x86.ActiveCfg = Release|Win32
		{295B29D6-9933-4720-9188-D3347B95C7E7}.Release|x86.Build.0 = Release|Win32
	EndGlobalSection
	GlobalSection(SolutionProperties) = preSolution
		HideSolutionNode = FALSE
	EndGlobalSection
	GlobalSection(ExtensibilityGlobals) = postSolution
		SolutionGuid = {27FE3CF4-D97A-435F-BB4E-772DD1324FA9}
	EndGlobalSection
EndGlobal
